
Microsoft Visual Studio Solution File, Format Version 12.00
# Visual Studio Version 17
VisualStudioVersion = 17.6.33723.286
MinimumVisualStudioVersion = 10.0.40219.1
Project("{FAE04EC0-301F-11D3-BF4B-00C04F79EFBC}") = "StudentAPI", "StudentAPI\StudentAPI.csproj", "{7E1C7C22-F4A0-427D-9719-8F62EFCFEDBB}"
EndProject
Project("{FAE04EC0-301F-11D3-BF4B-00C04F79EFBC}") = "Shared", "Shared\Shared.csproj", "{4F7D6649-0653-433A-97FC-397DC75FF70E}"
EndProject
Global
	GlobalSection(SolutionConfigurationPlatforms) = preSolution
		Debug|Any CPU = Debug|Any CPU
		Release|Any CPU = Release|Any CPU
	EndGlobalSection
	GlobalSection(ProjectConfigurationPlatforms) = postSolution
		{7E1C7C22-F4A0-427D-9719-8F62EFCFEDBB}.Debug|Any CPU.ActiveCfg = Debug|Any CPU
		{7E1C7C22-F4A0-427D-9719-8F62EFCFEDBB}.Debug|Any CPU.Build.0 = Debug|Any CPU
		{7E1C7C22-F4A0-427D-9719-8F62EFCFEDBB}.Release|Any CPU.ActiveCfg = Release|Any CPU
		{7E1C7C22-F4A0-427D-9719-8F62EFCFEDBB}.Release|Any CPU.Build.0 = Release|Any CPU
		{4F7D6649-0653-433A-97FC-397DC75FF70E}.Debug|Any CPU.ActiveCfg = Debug|Any CPU
		{4F7D6649-0653-433A-97FC-397DC75FF70E}.Debug|Any CPU.Build.0 = Debug|Any CPU
		{4F7D6649-0653-433A-97FC-397DC75FF70E}.Release|Any CPU.ActiveCfg = Release|Any CPU
		{4F7D6649-0653-433A-97FC-397DC75FF70E}.Release|Any CPU.Build.0 = Release|Any CPU
	EndGlobalSection
	GlobalSection(SolutionProperties) = preSolution
		HideSolutionNode = FALSE
	EndGlobalSection
	GlobalSection(ExtensibilityGlobals) = postSolution
		SolutionGuid = {31115E17-EE0F-4E44-9BA4-7A5D228DD936}
	EndGlobalSection
EndGlobal
